
Microsoft Visual Studio Solution File, Format Version 12.00
# Visual Studio Version 17
VisualStudioVersion = 17.0.31903.59
MinimumVisualStudioVersion = 10.0.40219.1
Project("{2150E333-8FDC-42A3-9474-1A3956D46DE8}") = "src", "src", "{827E0CD3-B72D-47B6-A68D-7590B98EB39B}"
EndProject
Project("{FAE04EC0-301F-11D3-BF4B-00C04F79EFBC}") = "RelicLauncher.Core", "src\RelicLauncher.Core\RelicLauncher.Core.csproj", "{58999A06-CB31-448D-877E-8C815958D88B}"
EndProject
Project("{FAE04EC0-301F-11D3-BF4B-00C04F79EFBC}") = "RelicLauncher.Infrastructure", "src\RelicLauncher.Infrastructure\RelicLauncher.Infrastructure.csproj", "{C124B209-8605-4BCE-9799-9336A0A85E89}"
EndProject
Project("{FAE04EC0-301F-11D3-BF4B-00C04F79EFBC}") = "RelicLauncher.Themes", "src\RelicLauncher.Themes\RelicLauncher.Themes.csproj", "{902E4CA4-F334-4A2A-807A-2CE8C6ABF05C}"
EndProject
Project("{FAE04EC0-301F-11D3-BF4B-00C04F79EFBC}") = "RelicLauncher.App", "src\RelicLauncher.App\RelicLauncher.App.csproj", "{F353C937-2C16-4AAA-BF38-BCD5052DCCD6}"
EndProject
Project("{2150E333-8FDC-42A3-9474-1A3956D46DE8}") = "tests", "tests", "{0AB3BF05-4346-4AA6-1389-037BE0695223}"
EndProject
Project("{FAE04EC0-301F-11D3-BF4B-00C04F79EFBC}") = "RelicLauncher.Core.Tests", "tests\RelicLauncher.Core.Tests\RelicLauncher.Core.Tests.csproj", "{D3CD6420-18F7-43CA-A414-AD77181A6F68}"
EndProject
Project("{FAE04EC0-301F-11D3-BF4B-00C04F79EFBC}") = "RelicLauncher.Infrastructure.Tests", "tests\RelicLauncher.Infrastructure.Tests\RelicLauncher.Infrastructure.Tests.csproj", "{21D60835-3ADB-4518-B2A4-2F8F4341B0DC}"
EndProject
Project("{FAE04EC0-301F-11D3-BF4B-00C04F79EFBC}") = "RelicLauncher.Testing", "tests\RelicLauncher.Testing\RelicLauncher.Testing.csproj", "{5B58A64A-B1AD-4999-A22D-7E7AE91CDB46}"
EndProject
Project("{FAE04EC0-301F-11D3-BF4B-00C04F79EFBC}") = "RelicLauncher.App.Tests", "tests\RelicLauncher.App.Tests\RelicLauncher.App.Tests.csproj", "{17652C64-D68E-4DAE-881F-39C1788A40A8}"
EndProject
Project("{FAE04EC0-301F-11D3-BF4B-00C04F79EFBC}") = "RelicLauncher.Themes.Tests", "tests\RelicLauncher.Themes.Tests\RelicLauncher.Themes.Tests.csproj", "{13115F57-CA6E-454E-BDF1-8B29DED04338}"
EndProject
Project("{FAE04EC0-301F-11D3-BF4B-00C04F79EFBC}") = "RelicLauncher.Bootstrap", "src\RelicLauncher.Bootstrap\RelicLauncher.Bootstrap.csproj", "{B75365FB-D641-4726-BB98-12DBB60D92C0}"
EndProject
Global
	GlobalSection(SolutionConfigurationPlatforms) = preSolution
		Debug|Any CPU = Debug|Any CPU
		Debug|x64 = Debug|x64
		Debug|x86 = Debug|x86
		Release|Any CPU = Release|Any CPU
		Release|x64 = Release|x64
		Release|x86 = Release|x86
	EndGlobalSection
	GlobalSection(ProjectConfigurationPlatforms) = postSolution
		{58999A06-CB31-448D-877E-8C815958D88B}.Debug|Any CPU.ActiveCfg = Debug|Any CPU
		{58999A06-CB31-448D-877E-8C815958D88B}.Debug|Any CPU.Build.0 = Debug|Any CPU
		{58999A06-CB31-448D-877E-8C815958D88B}.Debug|x64.ActiveCfg = Debug|Any CPU
		{58999A06-CB31-448D-877E-8C815958D88B}.Debug|x64.Build.0 = Debug|Any CPU
		{58999A06-CB31-448D-877E-8C815958D88B}.Debug|x86.ActiveCfg = Debug|Any CPU
		{58999A06-CB31-448D-877E-8C815958D88B}.Debug|x86.Build.0 = Debug|Any CPU
		{58999A06-CB31-448D-877E-8C815958D88B}.Release|Any CPU.ActiveCfg = Release|Any CPU
		{58999A06-CB31-448D-877E-8C815958D88B}.Release|Any CPU.Build.0 = Release|Any CPU
		{58999A06-CB31-448D-877E-8C815958D88B}.Release|x64.ActiveCfg = Release|Any CPU
		{58999A06-CB31-448D-877E-8C815958D88B}.Release|x64.Build.0 = Release|Any CPU
		{58999A06-CB31-448D-877E-8C815958D88B}.Release|x86.ActiveCfg = Release|Any CPU
		{58999A06-CB31-448D-877E-8C815958D88B}.Release|x86.Build.0 = Release|Any CPU
		{C124B209-8605-4BCE-9799-9336A0A85E89}.Debug|Any CPU.ActiveCfg = Debug|Any CPU
		{C124B209-8605-4BCE-9799-9336A0A85E89}.Debug|Any CPU.Build.0 = Debug|Any CPU
		{C124B209-8605-4BCE-9799-9336A0A85E89}.Debug|x64.ActiveCfg = Debug|Any CPU
		{C124B209-8605-4BCE-9799-9336A0A85E89}.Debug|x64.Build.0 = Debug|Any CPU
		{C124B209-8605-4BCE-9799-9336A0A85E89}.Debug|x86.ActiveCfg = Debug|Any CPU
		{C124B209-8605-4BCE-9799-9336A0A85E89}.Debug|x86.Build.0 = Debug|Any CPU
		{C124B209-8605-4BCE-9799-9336A0A85E89}.Release|Any CPU.ActiveCfg = Release|Any CPU
		{C124B209-8605-4BCE-9799-9336A0A85E89}.Release|Any CPU.Build.0 = Release|Any CPU
		{C124B209-8605-4BCE-9799-9336A0A85E89}.Release|x64.ActiveCfg = Release|Any CPU
		{C124B209-8605-4BCE-9799-9336A0A85E89}.Release|x64.Build.0 = Release|Any CPU
		{C124B209-8605-4BCE-9799-9336A0A85E89}.Release|x86.ActiveCfg = Release|Any CPU
		{C124B209-8605-4BCE-9799-9336A0A85E89}.Release|x86.Build.0 = Release|Any CPU
		{902E4CA4-F334-4A2A-807A-2CE8C6ABF05C}.Debug|Any CPU.ActiveCfg = Debug|Any CPU
		{902E4CA4-F334-4A2A-807A-2CE8C6ABF05C}.Debug|Any CPU.Build.0 = Debug|Any CPU
		{902E4CA4-F334-4A2A-807A-2CE8C6ABF05C}.Debug|x64.ActiveCfg = Debug|Any CPU
		{902E4CA4-F334-4A2A-807A-2CE8C6ABF05C}.Debug|x64.Build.0 = Debug|Any CPU
		{902E4CA4-F334-4A2A-807A-2CE8C6ABF05C}.Debug|x86.ActiveCfg = Debug|Any CPU
		{902E4CA4-F334-4A2A-807A-2CE8C6ABF05C}.Debug|x86.Build.0 = Debug|Any CPU
		{902E4CA4-F334-4A2A-807A-2CE8C6ABF05C}.Release|Any CPU.ActiveCfg = Release|Any CPU
		{902E4CA4-F334-4A2A-807A-2CE8C6ABF05C}.Release|Any CPU.Build.0 = Release|Any CPU
		{902E4CA4-F334-4A2A-807A-2CE8C6ABF05C}.Release|x64.ActiveCfg = Release|Any CPU
		{902E4CA4-F334-4A2A-807A-2CE8C6ABF05C}.Release|x64.Build.0 = Release|Any CPU
		{902E4CA4-F334-4A2A-807A-2CE8C6ABF05C}.Release|x86.ActiveCfg = Release|Any CPU
		{902E4CA4-F334-4A2A-807A-2CE8C6ABF05C}.Release|x86.Build.0 = Release|Any CPU
		{F353C937-2C16-4AAA-BF38-BCD5052DCCD6}.Debug|Any CPU.ActiveCfg = Debug|Any CPU
		{F353C937-2C16-4AAA-BF38-BCD5052DCCD6}.Debug|Any CPU.Build.0 = Debug|Any CPU
		{F353C937-2C16-4AAA-BF38-BCD5052DCCD6}.Debug|x64.ActiveCfg = Debug|Any CPU
		{F353C937-2C16-4AAA-BF38-BCD5052DCCD6}.Debug|x64.Build.0 = Debug|Any CPU
		{F353C937-2C16-4AAA-BF38-BCD5052DCCD6}.Debug|x86.ActiveCfg = Debug|Any CPU
		{F353C937-2C16-4AAA-BF38-BCD5052DCCD6}.Debug|x86.Build.0 = Debug|Any CPU
		{F353C937-2C16-4AAA-BF38-BCD5052DCCD6}.Release|Any CPU.ActiveCfg = Release|Any CPU
		{F353C937-2C16-4AAA-BF38-BCD5052DCCD6}.Release|Any CPU.Build.0 = Release|Any CPU
		{F353C937-2C16-4AAA-BF38-BCD5052DCCD6}.Release|x64.ActiveCfg = Release|Any CPU
		{F353C937-2C16-4AAA-BF38-BCD5052DCCD6}.Release|x64.Build.0 = Release|Any CPU
		{F353C937-2C16-4AAA-BF38-BCD5052DCCD6}.Release|x86.ActiveCfg = Release|Any CPU
		{F353C937-2C16-4AAA-BF38-BCD5052DCCD6}.Release|x86.Build.0 = Release|Any CPU
		{D3CD6420-18F7-43CA-A414-AD77181A6F68}.Debug|Any CPU.ActiveCfg = Debug|Any CPU
		{D3CD6420-18F7-43CA-A414-AD77181A6F68}.Debug|Any CPU.Build.0 = Debug|Any CPU
		{D3CD6420-18F7-43CA-A414-AD77181A6F68}.Debug|x64.ActiveCfg = Debug|Any CPU
		{D3CD6420-18F7-43CA-A414-AD77181A6F68}.Debug|x64.Build.0 = Debug|Any CPU
		{D3CD6420-18F7-43CA-A414-AD77181A6F68}.Debug|x86.ActiveCfg = Debug|Any CPU
		{D3CD6420-18F7-43CA-A414-AD77181A6F68}.Debug|x86.Build.0 = Debug|Any CPU
		{D3CD6420-18F7-43CA-A414-AD77181A6F68}.Release|Any CPU.ActiveCfg = Release|Any CPU
		{D3CD6420-18F7-43CA-A414-AD77181A6F68}.Release|Any CPU.Build.0 = Release|Any CPU
		{D3CD6420-18F7-43CA-A414-AD77181A6F68}.Release|x64.ActiveCfg = Release|Any CPU
		{D3CD6420-18F7-43CA-A414-AD77181A6F68}.Release|x64.Build.0 = Release|Any CPU
		{D3CD6420-18F7-43CA-A414-AD77181A6F68}.Release|x86.ActiveCfg = Release|Any CPU
		{D3CD6420-18F7-43CA-A414-AD77181A6F68}.Release|x86.Build.0 = Release|Any CPU
		{21D60835-3ADB-4518-B2A4-2F8F4341B0DC}.Debug|Any CPU.ActiveCfg = Debug|Any CPU
		{21D60835-3ADB-4518-B2A4-2F8F4341B0DC}.Debug|Any CPU.Build.0 = Debug|Any CPU
		{21D60835-3ADB-4518-B2A4-2F8F4341B0DC}.Debug|x64.ActiveCfg = Debug|Any CPU
		{21D60835-3ADB-4518-B2A4-2F8F4341B0DC}.Debug|x64.Build.0 = Debug|Any CPU
		{21D60835-3ADB-4518-B2A4-2F8F4341B0DC}.Debug|x86.ActiveCfg = Debug|Any CPU
		{21D60835-3ADB-4518-B2A4-2F8F4341B0DC}.Debug|x86.Build.0 = Debug|Any CPU
		{21D60835-3ADB-4518-B2A4-2F8F4341B0DC}.Release|Any CPU.ActiveCfg = Release|Any CPU
		{21D60835-3ADB-4518-B2A4-2F8F4341B0DC}.Release|Any CPU.Build.0 = Release|Any CPU
		{21D60835-3ADB-4518-B2A4-2F8F4341B0DC}.Release|x64.ActiveCfg = Release|Any CPU
		{21D60835-3ADB-4518-B2A4-2F8F4341B0DC}.Release|x64.Build.0 = Release|Any CPU
		{21D60835-3ADB-4518-B2A4-2F8F4341B0DC}.Release|x86.ActiveCfg = Release|Any CPU
		{21D60835-3ADB-4518-B2A4-2F8F4341B0DC}.Release|x86.Build.0 = Release|Any CPU
		{5B58A64A-B1AD-4999-A22D-7E7AE91CDB46}.Debug|Any CPU.ActiveCfg = Debug|Any CPU
		{5B58A64A-B1AD-4999-A22D-7E7AE91CDB46}.Debug|Any CPU.Build.0 = Debug|Any CPU
		{5B58A64A-B1AD-4999-A22D-7E7AE91CDB46}.Debug|x64.ActiveCfg = Debug|Any CPU
		{5B58A64A-B1AD-4999-A22D-7E7AE91CDB46}.Debug|x64.Build.0 = Debug|Any CPU
		{5B58A64A-B1AD-4999-A22D-7E7AE91CDB46}.Debug|x86.ActiveCfg = Debug|Any CPU
		{5B58A64A-B1AD-4999-A22D-7E7AE91CDB46}.Debug|x86.Build.0 = Debug|Any CPU
		{5B58A64A-B1AD-4999-A22D-7E7AE91CDB46}.Release|Any CPU.ActiveCfg = Release|Any CPU
		{5B58A64A-B1AD-4999-A22D-7E7AE91CDB46}.Release|Any CPU.Build.0 = Release|Any CPU
		{5B58A64A-B1AD-4999-A22D-7E7AE91CDB46}.Release|x64.ActiveCfg = Release|Any CPU
		{5B58A64A-B1AD-4999-A22D-7E7AE91CDB46}.Release|x64.Build.0 = Release|Any CPU
		{5B58A64A-B1AD-4999-A22D-7E7AE91CDB46}.Release|x86.ActiveCfg = Release|Any CPU
		{5B58A64A-B1AD-4999-A22D-7E7AE91CDB46}.Release|x86.Build.0 = Release|Any CPU
		{17652C64-D68E-4DAE-881F-39C1788A40A8}.Debug|Any CPU.ActiveCfg = Debug|Any CPU
		{17652C64-D68E-4DAE-881F-39C1788A40A8}.Debug|Any CPU.Build.0 = Debug|Any CPU
		{17652C64-D68E-4DAE-881F-39C1788A40A8}.Debug|x64.ActiveCfg = Debug|Any CPU
		{17652C64-D68E-4DAE-881F-39C1788A40A8}.Debug|x64.Build.0 = Debug|Any CPU
		{17652C64-D68E-4DAE-881F-39C1788A40A8}.Debug|x86.ActiveCfg = Debug|Any CPU
		{17652C64-D68E-4DAE-881F-39C1788A40A8}.Debug|x86.Build.0 = Debug|Any CPU
		{17652C64-D68E-4DAE-881F-39C1788A40A8}.Release|Any CPU.ActiveCfg = Release|Any CPU
		{17652C64-D68E-4DAE-881F-39C1788A40A8}.Release|Any CPU.Build.0 = Release|Any CPU
		{17652C64-D68E-4DAE-881F-39C1788A40A8}.Release|x64.ActiveCfg = Release|Any CPU
		{17652C64-D68E-4DAE-881F-39C1788A40A8}.Release|x64.Build.0 = Release|Any CPU
		{17652C64-D68E-4DAE-881F-39C1788A40A8}.Release|x86.ActiveCfg = Release|Any CPU
		{17652C64-D68E-4DAE-881F-39C1788A40A8}.Release|x86.Build.0 = Release|Any CPU
		{13115F57-CA6E-454E-BDF1-8B29DED04338}.Debug|Any CPU.ActiveCfg = Debug|Any CPU
		{13115F57-CA6E-454E-BDF1-8B29DED04338}.Debug|Any CPU.Build.0 = Debug|Any CPU
		{13115F57-CA6E-454E-BDF1-8B29DED04338}.Debug|x64.ActiveCfg = Debug|Any CPU
		{13115F57-CA6E-454E-BDF1-8B29DED04338}.Debug|x64.Build.0 = Debug|Any CPU
		{13115F57-CA6E-454E-BDF1-8B29DED04338}.Debug|x86.ActiveCfg = Debug|Any CPU
		{13115F57-CA6E-454E-BDF1-8B29DED04338}.Debug|x86.Build.0 = Debug|Any CPU
		{13115F57-CA6E-454E-BDF1-8B29DED04338}.Release|Any CPU.ActiveCfg = Release|Any CPU
		{13115F57-CA6E-454E-BDF1-8B29DED04338}.Release|Any CPU.Build.0 = Release|Any CPU
		{13115F57-CA6E-454E-BDF1-8B29DED04338}.Release|x64.ActiveCfg = Release|Any CPU
		{13115F57-CA6E-454E-BDF1-8B29DED04338}.Release|x64.Build.0 = Release|Any CPU
		{13115F57-CA6E-454E-BDF1-8B29DED04338}.Release|x86.ActiveCfg = Release|Any CPU
		{13115F57-CA6E-454E-BDF1-8B29DED04338}.Release|x86.Build.0 = Release|Any CPU
		{B75365FB-D641-4726-BB98-12DBB60D92C0}.Debug|Any CPU.ActiveCfg = Debug|Any CPU
		{B75365FB-D641-4726-BB98-12DBB60D92C0}.Debug|Any CPU.Build.0 = Debug|Any CPU
		{B75365FB-D641-4726-BB98-12DBB60D92C0}.Debug|x64.ActiveCfg = Debug|Any CPU
		{B75365FB-D641-4726-BB98-12DBB60D92C0}.Debug|x64.Build.0 = Debug|Any CPU
		{B75365FB-D641-4726-BB98-12DBB60D92C0}.Debug|x86.ActiveCfg = Debug|Any CPU
		{B75365FB-D641-4726-BB98-12DBB60D92C0}.Debug|x86.Build.0 = Debug|Any CPU
		{B75365FB-D641-4726-BB98-12DBB60D92C0}.Release|Any CPU.ActiveCfg = Release|Any CPU
		{B75365FB-D641-4726-BB98-12DBB60D92C0}.Release|Any CPU.Build.0 = Release|Any CPU
		{B75365FB-D641-4726-BB98-12DBB60D92C0}.Release|x64.ActiveCfg = Release|Any CPU
		{B75365FB-D641-4726-BB98-12DBB60D92C0}.Release|x64.Build.0 = Release|Any CPU
		{B75365FB-D641-4726-BB98-12DBB60D92C0}.Release|x86.ActiveCfg = Release|Any CPU
		{B75365FB-D641-4726-BB98-12DBB60D92C0}.Release|x86.Build.0 = Release|Any CPU
	EndGlobalSection
	GlobalSection(SolutionProperties) = preSolution
		HideSolutionNode = FALSE
	EndGlobalSection
	GlobalSection(NestedProjects) = preSolution
		{58999A06-CB31-448D-877E-8C815958D88B} = {827E0CD3-B72D-47B6-A68D-7590B98EB39B}
		{C124B209-8605-4BCE-9799-9336A0A85E89} = {827E0CD3-B72D-47B6-A68D-7590B98EB39B}
		{902E4CA4-F334-4A2A-807A-2CE8C6ABF05C} = {827E0CD3-B72D-47B6-A68D-7590B98EB39B}
		{F353C937-2C16-4AAA-BF38-BCD5052DCCD6} = {827E0CD3-B72D-47B6-A68D-7590B98EB39B}
		{D3CD6420-18F7-43CA-A414-AD77181A6F68} = {0AB3BF05-4346-4AA6-1389-037BE0695223}
		{21D60835-3ADB-4518-B2A4-2F8F4341B0DC} = {0AB3BF05-4346-4AA6-1389-037BE0695223}
		{5B58A64A-B1AD-4999-A22D-7E7AE91CDB46} = {0AB3BF05-4346-4AA6-1389-037BE0695223}
		{17652C64-D68E-4DAE-881F-39C1788A40A8} = {0AB3BF05-4346-4AA6-1389-037BE0695223}
		{13115F57-CA6E-454E-BDF1-8B29DED04338} = {0AB3BF05-4346-4AA6-1389-037BE0695223}
		{B75365FB-D641-4726-BB98-12DBB60D92C0} = {827E0CD3-B72D-47B6-A68D-7590B98EB39B}
	EndGlobalSection
EndGlobal
